// !$*UTF8*$!
{
	archiveVersion = 1;
	classes = {
	};
	objectVersion = 55;
	objects = {

/* Begin PBXBuildFile section */
		CAED12CC283D858200004CDF /* iOS_Challenge_iTunesApp.swift in Sources */ = {isa = PBXBuildFile; fileRef = CAED12CB283D858200004CDF /* iOS_Challenge_iTunesApp.swift */; };
		CAED12CE283D858200004CDF /* ContentView.swift in Sources */ = {isa = PBXBuildFile; fileRef = CAED12CD283D858200004CDF /* ContentView.swift */; };
		CAED12D0283D858300004CDF /* Assets.xcassets in Resources */ = {isa = PBXBuildFile; fileRef = CAED12CF283D858300004CDF /* Assets.xcassets */; };
		CAED12D3283D858300004CDF /* Preview Assets.xcassets in Resources */ = {isa = PBXBuildFile; fileRef = CAED12D2283D858300004CDF /* Preview Assets.xcassets */; };
		CAED12DB283D85EF00004CDF /* AlbumViewModel.swift in Sources */ = {isa = PBXBuildFile; fileRef = CAED12DA283D85EF00004CDF /* AlbumViewModel.swift */; };
		CAED12DD283D860800004CDF /* Result+Album.swift in Sources */ = {isa = PBXBuildFile; fileRef = CAED12DC283D860800004CDF /* Result+Album.swift */; };
		CAED12E0283D867000004CDF /* Localizable.strings in Resources */ = {isa = PBXBuildFile; fileRef = CAED12E2283D867000004CDF /* Localizable.strings */; };
		CAED12E7283D86FF00004CDF /* AlbumRow.swift in Sources */ = {isa = PBXBuildFile; fileRef = CAED12E6283D86FF00004CDF /* AlbumRow.swift */; };
		CAED12E9283D8C1C00004CDF /* AlbumDetailView.swift in Sources */ = {isa = PBXBuildFile; fileRef = CAED12E8283D8C1C00004CDF /* AlbumDetailView.swift */; };
		CAED12EB283D8CB800004CDF /* Styles.swift in Sources */ = {isa = PBXBuildFile; fileRef = CAED12EA283D8CB800004CDF /* Styles.swift */; };
/* End PBXBuildFile section */

/* Begin PBXFileReference section */
		CAED12C8283D858200004CDF /* iOS_Challenge_iTunes.app */ = {isa = PBXFileReference; explicitFileType = wrapper.application; includeInIndex = 0; path = iOS_Challenge_iTunes.app; sourceTree = BUILT_PRODUCTS_DIR; };
		CAED12CB283D858200004CDF /* iOS_Challenge_iTunesApp.swift */ = {isa = PBXFileReference; lastKnownFileType = sourcecode.swift; path = iOS_Challenge_iTunesApp.swift; sourceTree = "<group>"; };
		CAED12CD283D858200004CDF /* ContentView.swift */ = {isa = PBXFileReference; lastKnownFileType = sourcecode.swift; path = ContentView.swift; sourceTree = "<group>"; };
		CAED12CF283D858300004CDF /* Assets.xcassets */ = {isa = PBXFileReference; lastKnownFileType = folder.assetcatalog; path = Assets.xcassets; sourceTree = "<group>"; };
		CAED12D2283D858300004CDF /* Preview Assets.xcassets */ = {isa = PBXFileReference; lastKnownFileType = folder.assetcatalog; path = "Preview Assets.xcassets"; sourceTree = "<group>"; };
		CAED12DA283D85EF00004CDF /* AlbumViewModel.swift */ = {isa = PBXFileReference; lastKnownFileType = sourcecode.swift; path = AlbumViewModel.swift; sourceTree = "<group>"; };
		CAED12DC283D860800004CDF /* Result+Album.swift */ = {isa = PBXFileReference; lastKnownFileType = sourcecode.swift; path = "Result+Album.swift"; sourceTree = "<group>"; };
		CAED12E1283D867000004CDF /* en */ = {isa = PBXFileReference; lastKnownFileType = text.plist.strings; name = en; path = en.lproj/Localizable.strings; sourceTree = "<group>"; };
		CAED12E3283D867900004CDF /* es */ = {isa = PBXFileReference; lastKnownFileType = text.plist.strings; name = es; path = es.lproj/Localizable.strings; sourceTree = "<group>"; };
		CAED12E6283D86FF00004CDF /* AlbumRow.swift */ = {isa = PBXFileReference; lastKnownFileType = sourcecode.swift; path = AlbumRow.swift; sourceTree = "<group>"; };
		CAED12E8283D8C1C00004CDF /* AlbumDetailView.swift */ = {isa = PBXFileReference; lastKnownFileType = sourcecode.swift; path = AlbumDetailView.swift; sourceTree = "<group>"; };
		CAED12EA283D8CB800004CDF /* Styles.swift */ = {isa = PBXFileReference; lastKnownFileType = sourcecode.swift; path = Styles.swift; sourceTree = "<group>"; };
/* End PBXFileReference section */

/* Begin PBXFrameworksBuildPhase section */
		CAED12C5283D858200004CDF /* Frameworks */ = {
			isa = PBXFrameworksBuildPhase;
			buildActionMask = 2147483647;
			files = (
			);
			runOnlyForDeploymentPostprocessing = 0;
		};
/* End PBXFrameworksBuildPhase section */

/* Begin PBXGroup section */
		CAED12BF283D858200004CDF = {
			isa = PBXGroup;
			children = (
				CAED12CA283D858200004CDF /* iOS_Challenge_iTunes */,
				CAED12C9283D858200004CDF /* Products */,
			);
			sourceTree = "<group>";
		};
		CAED12C9283D858200004CDF /* Products */ = {
			isa = PBXGroup;
			children = (
				CAED12C8283D858200004CDF /* iOS_Challenge_iTunes.app */,
			);
			name = Products;
			sourceTree = "<group>";
		};
		CAED12CA283D858200004CDF /* iOS_Challenge_iTunes */ = {
			isa = PBXGroup;
			children = (
				CAED12CB283D858200004CDF /* iOS_Challenge_iTunesApp.swift */,
				CAED12D9283D85E600004CDF /* Models */,
				CAED12E4283D86AA00004CDF /* Views */,
				CAED12CF283D858300004CDF /* Assets.xcassets */,
				CAED12D1283D858300004CDF /* Preview Content */,
			);
			path = iOS_Challenge_iTunes;
			sourceTree = "<group>";
		};
		CAED12D1283D858300004CDF /* Preview Content */ = {
			isa = PBXGroup;
			children = (
				CAED12D2283D858300004CDF /* Preview Assets.xcassets */,
			);
			path = "Preview Content";
			sourceTree = "<group>";
		};
		CAED12D9283D85E600004CDF /* Models */ = {
			isa = PBXGroup;
			children = (
				CAED12EA283D8CB800004CDF /* Styles.swift */,
				CAED12DC283D860800004CDF /* Result+Album.swift */,
				CAED12DA283D85EF00004CDF /* AlbumViewModel.swift */,
				CAED12E2283D867000004CDF /* Localizable.strings */,
			);
			path = Models;
			sourceTree = "<group>";
		};
		CAED12E4283D86AA00004CDF /* Views */ = {
			isa = PBXGroup;
			children = (
				CAED12CD283D858200004CDF /* ContentView.swift */,
				CAED12E8283D8C1C00004CDF /* AlbumDetailView.swift */,
				CAED12E5283D86C300004CDF /* Items */,
			);
			path = Views;
			sourceTree = "<group>";
		};
		CAED12E5283D86C300004CDF /* Items */ = {
			isa = PBXGroup;
			children = (
				CAED12E6283D86FF00004CDF /* AlbumRow.swift */,
			);
			path = Items;
			sourceTree = "<group>";
		};
/* End PBXGroup section */

/* Begin PBXNativeTarget section */
		CAED12C7283D858200004CDF /* iOS_Challenge_iTunes */ = {
			isa = PBXNativeTarget;
			buildConfigurationList = CAED12D6283D858300004CDF /* Build configuration list for PBXNativeTarget "iOS_Challenge_iTunes" */;
			buildPhases = (
				CAED12C4283D858200004CDF /* Sources */,
				CAED12C5283D858200004CDF /* Frameworks */,
				CAED12C6283D858200004CDF /* Resources */,
			);
			buildRules = (
			);
			dependencies = (
			);
			name = iOS_Challenge_iTunes;
			productName = iOS_Challenge_iTunes;
			productReference = CAED12C8283D858200004CDF /* iOS_Challenge_iTunes.app */;
			productType = "com.apple.product-type.application";
		};
/* End PBXNativeTarget section */

/* Begin PBXProject section */
		CAED12C0283D858200004CDF /* Project object */ = {
			isa = PBXProject;
			attributes = {
				BuildIndependentTargetsInParallel = 1;
				LastSwiftUpdateCheck = 1340;
				LastUpgradeCheck = 1340;
				TargetAttributes = {
					CAED12C7283D858200004CDF = {
						CreatedOnToolsVersion = 13.4;
					};
				};
			};
			buildConfigurationList = CAED12C3283D858200004CDF /* Build configuration list for PBXProject "iOS_Challenge_iTunes" */;
			compatibilityVersion = "Xcode 13.0";
			developmentRegion = en;
			hasScannedForEncodings = 0;
			knownRegions = (
				en,
				Base,
				es,
			);
			mainGroup = CAED12BF283D858200004CDF;
			productRefGroup = CAED12C9283D858200004CDF /* Products */;
			projectDirPath = "";
			projectRoot = "";
			targets = (
				CAED12C7283D858200004CDF /* iOS_Challenge_iTunes */,
			);
		};
/* End PBXProject section */

/* Begin PBXResourcesBuildPhase section */
		CAED12C6283D858200004CDF /* Resources */ = {
			isa = PBXResourcesBuildPhase;
			buildActionMask = 2147483647;
			files = (
				CAED12D3283D858300004CDF /* Preview Assets.xcassets in Resources */,
				CAED12E0283D867000004CDF /* Localizable.strings in Resources */,
				CAED12D0283D858300004CDF /* Assets.xcassets in Resources */,
			);
			runOnlyForDeploymentPostprocessing = 0;
		};
/* End PBXResourcesBuildPhase section */

/* Begin PBXSourcesBuildPhase section */
		CAED12C4283D858200004CDF /* Sources */ = {
			isa = PBXSourcesBuildPhase;
			buildActionMask = 2147483647;
			files = (
				CAED12DD283D860800004CDF /* Result+Album.swift in Sources */,
				CAED12EB283D8CB800004CDF /* Styles.swift in Sources */,
				CAED12E9283D8C1C00004CDF /* AlbumDetailView.swift in Sources */,
				CAED12DB283D85EF00004CDF /* AlbumViewModel.swift in Sources */,
				CAED12E7283D86FF00004CDF /* AlbumRow.swift in Sources */,
				CAED12CE283D858200004CDF /* ContentView.swift in Sources */,
				CAED12CC283D858200004CDF /* iOS_Challenge_iTunesApp.swift in Sources */,
			);
			runOnlyForDeploymentPostprocessing = 0;
		};
/* End PBXSourcesBuildPhase section */

/* Begin PBXVariantGroup section */
		CAED12E2283D867000004CDF /* Localizable.strings */ = {
			isa = PBXVariantGroup;
			children = (
				CAED12E1283D867000004CDF /* en */,
				CAED12E3283D867900004CDF /* es */,
			);
			name = Localizable.strings;
			sourceTree = "<group>";
		};
/* End PBXVariantGroup section */

/* Begin XCBuildConfiguration section */
		CAED12D4283D858300004CDF /* Debug */ = {
			isa = XCBuildConfiguration;
			buildSettings = {
				ALWAYS_SEARCH_USER_PATHS = NO;
				CLANG_ANALYZER_LOCALIZABILITY_NONLOCALIZED = YES;
				CLANG_ANALYZER_NONNULL = YES;
				CLANG_ANALYZER_NUMBER_OBJECT_CONVERSION = YES_AGGRESSIVE;
				CLANG_CXX_LANGUAGE_STANDARD = "gnu++17";
				CLANG_ENABLE_MODULES = YES;
				CLANG_ENABLE_OBJC_ARC = YES;
				CLANG_ENABLE_OBJC_WEAK = YES;
				CLANG_WARN_BLOCK_CAPTURE_AUTORELEASING = YES;
				CLANG_WARN_BOOL_CONVERSION = YES;
				CLANG_WARN_COMMA = YES;
				CLANG_WARN_CONSTANT_CONVERSION = YES;
				CLANG_WARN_DEPRECATED_OBJC_IMPLEMENTATIONS = YES;
				CLANG_WARN_DIRECT_OBJC_ISA_USAGE = YES_ERROR;
				CLANG_WARN_DOCUMENTATION_COMMENTS = YES;
				CLANG_WARN_EMPTY_BODY = YES;
				CLANG_WARN_ENUM_CONVERSION = YES;
				CLANG_WARN_INFINITE_RECURSION = YES;
				CLANG_WARN_INT_CONVERSION = YES;
				CLANG_WARN_NON_LITERAL_NULL_CONVERSION = YES;
				CLANG_WARN_OBJC_IMPLICIT_RETAIN_SELF = YES;
				CLANG_WARN_OBJC_LITERAL_CONVERSION = YES;
				CLANG_WARN_OBJC_ROOT_CLASS = YES_ERROR;
				CLANG_WARN_QUOTED_INCLUDE_IN_FRAMEWORK_HEADER = YES;
				CLANG_WARN_RANGE_LOOP_ANALYSIS = YES;
				CLANG_WARN_STRICT_PROTOTYPES = YES;
				CLANG_WARN_SUSPICIOUS_MOVE = YES;
				CLANG_WARN_UNGUARDED_AVAILABILITY = YES_AGGRESSIVE;
				CLANG_WARN_UNREACHABLE_CODE = YES;
				CLANG_WARN__DUPLICATE_METHOD_MATCH = YES;
				COPY_PHASE_STRIP = NO;
				DEBUG_INFORMATION_FORMAT = dwarf;
				ENABLE_STRICT_OBJC_MSGSEND = YES;
				ENABLE_TESTABILITY = YES;
				GCC_C_LANGUAGE_STANDARD = gnu11;
				GCC_DYNAMIC_NO_PIC = NO;
				GCC_NO_COMMON_BLOCKS = YES;
				GCC_OPTIMIZATION_LEVEL = 0;
				GCC_PREPROCESSOR_DEFINITIONS = (
					"DEBUG=1",
					"$(inherited)",
				);
				GCC_WARN_64_TO_32_BIT_CONVERSION = YES;
				GCC_WARN_ABOUT_RETURN_TYPE = YES_ERROR;
				GCC_WARN_UNDECLARED_SELECTOR = YES;
				GCC_WARN_UNINITIALIZED_AUTOS = YES_AGGRESSIVE;
				GCC_WARN_UNUSED_FUNCTION = YES;
				GCC_WARN_UNUSED_VARIABLE = YES;
				IPHONEOS_DEPLOYMENT_TARGET = 15.5;
				MTL_ENABLE_DEBUG_INFO = INCLUDE_SOURCE;
				MTL_FAST_MATH = YES;
				ONLY_ACTIVE_ARCH = YES;
				SDKROOT = iphoneos;
				SWIFT_ACTIVE_COMPILATION_CONDITIONS = DEBUG;
				SWIFT_OPTIMIZATION_LEVEL = "-Onone";
			};
			name = Debug;
		};
		CAED12D5283D858300004CDF /* Release */ = {
			isa = XCBuildConfiguration;
			buildSettings = {
				ALWAYS_SEARCH_USER_PATHS = NO;
				CLANG_ANALYZER_LOCALIZABILITY_NONLOCALIZED = YES;
				CLANG_ANALYZER_NONNULL = YES;
				CLANG_ANALYZER_NUMBER_OBJECT_CONVERSION = YES_AGGRESSIVE;
				CLANG_CXX_LANGUAGE_STANDARD = "gnu++17";
				CLANG_ENABLE_MODULES = YES;
				CLANG_ENABLE_OBJC_ARC = YES;
				CLANG_ENABLE_OBJC_WEAK = YES;
				CLANG_WARN_BLOCK_CAPTURE_AUTORELEASING = YES;
				CLANG_WARN_BOOL_CONVERSION = YES;
				CLANG_WARN_COMMA = YES;
				CLANG_WARN_CONSTANT_CONVERSION = YES;
				CLANG_WARN_DEPRECATED_OBJC_IMPLEMENTATIONS = YES;
				CLANG_WARN_DIRECT_OBJC_ISA_USAGE = YES_ERROR;
				CLANG_WARN_DOCUMENTATION_COMMENTS = YES;
				CLANG_WARN_EMPTY_BODY = YES;
				CLANG_WARN_ENUM_CONVERSION = YES;
				CLANG_WARN_INFINITE_RECURSION = YES;
				CLANG_WARN_INT_CONVERSION = YES;
				CLANG_WARN_NON_LITERAL_NULL_CONVERSION = YES;
				CLANG_WARN_OBJC_IMPLICIT_RETAIN_SELF = YES;
				CLANG_WARN_OBJC_LITERAL_CONVERSION = YES;
				CLANG_WARN_OBJC_ROOT_CLASS = YES_ERROR;
				CLANG_WARN_QUOTED_INCLUDE_IN_FRAMEWORK_HEADER = YES;
				CLANG_WARN_RANGE_LOOP_ANALYSIS = YES;
				CLANG_WARN_STRICT_PROTOTYPES = YES;
				CLANG_WARN_SUSPICIOUS_MOVE = YES;
				CLANG_WARN_UNGUARDED_AVAILABILITY = YES_AGGRESSIVE;
				CLANG_WARN_UNREACHABLE_CODE = YES;
				CLANG_WARN__DUPLICATE_METHOD_MATCH = YES;
				COPY_PHASE_STRIP = NO;
				DEBUG_INFORMATION_FORMAT = "dwarf-with-dsym";
				ENABLE_NS_ASSERTIONS = NO;
				ENABLE_STRICT_OBJC_MSGSEND = YES;
				GCC_C_LANGUAGE_STANDARD = gnu11;
				GCC_NO_COMMON_BLOCKS = YES;
				GCC_WARN_64_TO_32_BIT_CONVERSION = YES;
				GCC_WARN_ABOUT_RETURN_TYPE = YES_ERROR;
				GCC_WARN_UNDECLARED_SELECTOR = YES;
				GCC_WARN_UNINITIALIZED_AUTOS = YES_AGGRESSIVE;
				GCC_WARN_UNUSED_FUNCTION = YES;
				GCC_WARN_UNUSED_VARIABLE = YES;
				IPHONEOS_DEPLOYMENT_TARGET = 15.5;
				MTL_ENABLE_DEBUG_INFO = NO;
				MTL_FAST_MATH = YES;
				SDKROOT = iphoneos;
				SWIFT_COMPILATION_MODE = wholemodule;
				SWIFT_OPTIMIZATION_LEVEL = "-O";
				VALIDATE_PRODUCT = YES;
			};
			name = Release;
		};
		CAED12D7283D858300004CDF /* Debug */ = {
			isa = XCBuildConfiguration;
			buildSettings = {
				ASSETCATALOG_COMPILER_APPICON_NAME = AppIcon;
				ASSETCATALOG_COMPILER_GLOBAL_ACCENT_COLOR_NAME = AccentColor;
				CODE_SIGN_STYLE = Automatic;
				CURRENT_PROJECT_VERSION = 1;
				DEVELOPMENT_ASSET_PATHS = "\"iOS_Challenge_iTunes/Preview Content\"";
				DEVELOPMENT_TEAM = CGKPKQQSW4;
				ENABLE_PREVIEWS = YES;
				GENERATE_INFOPLIST_FILE = YES;
				INFOPLIST_KEY_UIApplicationSceneManifest_Generation = YES;
				INFOPLIST_KEY_UIApplicationSupportsIndirectInputEvents = YES;
				INFOPLIST_KEY_UILaunchScreen_Generation = YES;
				INFOPLIST_KEY_UISupportedInterfaceOrientations_iPad = "UIInterfaceOrientationPortrait UIInterfaceOrientationPortraitUpsideDown UIInterfaceOrientationLandscapeLeft UIInterfaceOrientationLandscapeRight";
				INFOPLIST_KEY_UISupportedInterfaceOrientations_iPhone = "UIInterfaceOrientationPortrait UIInterfaceOrientationLandscapeLeft UIInterfaceOrientationLandscapeRight";
				LD_RUNPATH_SEARCH_PATHS = (
					"$(inherited)",
					"@executable_path/Frameworks",
				);
				MARKETING_VERSION = 1.0;
				PRODUCT_BUNDLE_IDENTIFIER = "com.arturodiaz.iOS-Challenge-iTunes";
				PRODUCT_NAME = "$(TARGET_NAME)";
				SWIFT_EMIT_LOC_STRINGS = YES;
				SWIFT_VERSION = 5.0;
				TARGETED_DEVICE_FAMILY = "1,2";
			};
			name = Debug;
		};
		CAED12D8283D858300004CDF /* Release */ = {
			isa = XCBuildConfiguration;
			buildSettings = {
				ASSETCATALOG_COMPILER_APPICON_NAME = AppIcon;
				ASSETCATALOG_COMPILER_GLOBAL_ACCENT_COLOR_NAME = AccentColor;
				CODE_SIGN_STYLE = Automatic;
				CURRENT_PROJECT_VERSION = 1;
				DEVELOPMENT_ASSET_PATHS = "\"iOS_Challenge_iTunes/Preview Content\"";
				DEVELOPMENT_TEAM = CGKPKQQSW4;
				ENABLE_PREVIEWS = YES;
				GENERATE_INFOPLIST_FILE = YES;
				INFOPLIST_KEY_UIApplicationSceneManifest_Generation = YES;
				INFOPLIST_KEY_UIApplicationSupportsIndirectInputEvents = YES;
				INFOPLIST_KEY_UILaunchScreen_Generation = YES;
				INFOPLIST_KEY_UISupportedInterfaceOrientations_iPad = "UIInterfaceOrientationPortrait UIInterfaceOrientationPortraitUpsideDown UIInterfaceOrientationLandscapeLeft UIInterfaceOrientationLandscapeRight";
				INFOPLIST_KEY_UISupportedInterfaceOrientations_iPhone = "UIInterfaceOrientationPortrait UIInterfaceOrientationLandscapeLeft UIInterfaceOrientationLandscapeRight";
				LD_RUNPATH_SEARCH_PATHS = (
					"$(inherited)",
					"@executable_path/Frameworks",
				);
				MARKETING_VERSION = 1.0;
				PRODUCT_BUNDLE_IDENTIFIER = "com.arturodiaz.iOS-Challenge-iTunes";
				PRODUCT_NAME = "$(TARGET_NAME)";
				SWIFT_EMIT_LOC_STRINGS = YES;
				SWIFT_VERSION = 5.0;
				TARGETED_DEVICE_FAMILY = "1,2";
			};
			name = Release;
		};
/* End XCBuildConfiguration section */

/* Begin XCConfigurationList section */
		CAED12C3283D858200004CDF /* Build configuration list for PBXProject "iOS_Challenge_iTunes" */ = {
			isa = XCConfigurationList;
			buildConfigurations = (
				CAED12D4283D858300004CDF /* Debug */,
				CAED12D5283D858300004CDF /* Release */,
			);
			defaultConfigurationIsVisible = 0;
			defaultConfigurationName = Release;
		};
		CAED12D6283D858300004CDF /* Build configuration list for PBXNativeTarget "iOS_Challenge_iTunes" */ = {
			isa = XCConfigurationList;
			buildConfigurations = (
				CAED12D7283D858300004CDF /* Debug */,
				CAED12D8283D858300004CDF /* Release */,
			);
			defaultConfigurationIsVisible = 0;
			defaultConfigurationName = Release;
		};
/* End XCConfigurationList section */
	};
	rootObject = CAED12C0283D858200004CDF /* Project object */;
}
